
Microsoft Visual Studio Solution File, Format Version 12.00
# Visual Studio Version 16
VisualStudioVersion = 16.0.33927.289
MinimumVisualStudioVersion = 10.0.40219.1
Project("{2150E333-8FDC-42A3-9474-1A3956D46DE8}") = "Task0", "Task0", "{FCA9B0D5-2BFE-48B5-A94D-1FA3057BD545}"
EndProject
Project("{FAE04EC0-301F-11D3-BF4B-00C04F79EFBC}") = "Tyuiu.PoznyakIA.Sprint3.Task0.V20", "Tyuiu.PoznyakIA.Sprint3.Task0.V20\Tyuiu.PoznyakIA.Sprint3.Task0.V20.csproj", "{1B0F6C58-E280-4A48-AED7-A4B513243267}"
EndProject
Project("{FAE04EC0-301F-11D3-BF4B-00C04F79EFBC}") = "Tyuiu.PoznyakIA.Sprint3.Task0.V20.Lib", "Tyuiu.PoznyakIA.Sprint3.Task0.V20.Lib\Tyuiu.PoznyakIA.Sprint3.Task0.V20.Lib.csproj", "{B398CE0A-E664-4C4C-B1D0-7BF38461AEDB}"
EndProject
Project("{FAE04EC0-301F-11D3-BF4B-00C04F79EFBC}") = "Tyuiu.PoznyakIA.Sprint3.Task0.V20.Test", "Tyuiu.PoznyakIA.Sprint3.Task0.V20.Test\Tyuiu.PoznyakIA.Sprint3.Task0.V20.Test.csproj", "{8A091555-9807-414B-912B-352EFBE4FD8E}"
EndProject
Project("{2150E333-8FDC-42A3-9474-1A3956D46DE8}") = "Task1", "Task1", "{9C32A25F-4D0E-4C55-90FC-91B1AFF8803A}"
EndProject
Project("{FAE04EC0-301F-11D3-BF4B-00C04F79EFBC}") = "Tyuiu.PoznyakIA.Sprint3.Task1.V2", "Tyuiu.PoznyakIA.Sprint3.Task1.V2\Tyuiu.PoznyakIA.Sprint3.Task1.V2.csproj", "{B1B63B20-CE26-4A38-9ACD-BD325528962D}"
EndProject
Project("{FAE04EC0-301F-11D3-BF4B-00C04F79EFBC}") = "Tyuiu.PoznyakIA.Sprint3.Task1.V2.Lib", "Tyuiu.PoznyakIA.Sprint3.Task1.V2.Lib\Tyuiu.PoznyakIA.Sprint3.Task1.V2.Lib.csproj", "{46D49A32-C622-493E-93C6-141114BC848F}"
EndProject
Project("{FAE04EC0-301F-11D3-BF4B-00C04F79EFBC}") = "Tyuiu.PoznyakIA.Sprint3.Task1.V2.Test", "Tyuiu.PoznyakIA.Sprint3.Task1.V2.Test\Tyuiu.PoznyakIA.Sprint3.Task1.V2.Test.csproj", "{A8BBBE33-F082-48C5-8A0F-C96FE3AF229F}"
EndProject
Project("{2150E333-8FDC-42A3-9474-1A3956D46DE8}") = "Task2", "Task2", "{4669F245-4749-44F9-9070-8CB38551CAAB}"
EndProject
Project("{FAE04EC0-301F-11D3-BF4B-00C04F79EFBC}") = "Tyuiu.PoznyakIA.Sprint3.Task2.V18", "Tyuiu.PoznyakIA.Sprint3.Task2.V18\Tyuiu.PoznyakIA.Sprint3.Task2.V18.csproj", "{1BD6E26D-D92E-4BEC-AC40-9ACD28DBDE78}"
EndProject
Project("{FAE04EC0-301F-11D3-BF4B-00C04F79EFBC}") = "Tyuiu.PoznyakIA.Sprint3.Task2.V18.Lib", "Tyuiu.PoznyakIA.Sprint3.Task2.V18.Lib\Tyuiu.PoznyakIA.Sprint3.Task2.V18.Lib.csproj", "{E66E4AAC-0EF9-41BE-BEF4-7D8D5922D2F6}"
EndProject
Project("{FAE04EC0-301F-11D3-BF4B-00C04F79EFBC}") = "Tyuiu.PoznyakIA.Sprint3.Task2.V18.Test", "Tyuiu.PoznyakIA.Sprint3.Task2.V18.Test\Tyuiu.PoznyakIA.Sprint3.Task2.V18.Test.csproj", "{E3F1293D-F20A-4747-A636-2D4F181BFB8C}"
EndProject
Project("{2150E333-8FDC-42A3-9474-1A3956D46DE8}") = "Task3", "Task3", "{1D10FB39-0CFB-4CD4-94BB-BA544A157580}"
EndProject
Project("{FAE04EC0-301F-11D3-BF4B-00C04F79EFBC}") = "Tyuiu.PoznyakIA.Sprint3.Task3.V28", "Tyuiu.PoznyakIA.Sprint3.Task3.V28\Tyuiu.PoznyakIA.Sprint3.Task3.V28.csproj", "{5878A1E8-7C39-42FC-B7BB-9EA7240E44A9}"
EndProject
Project("{FAE04EC0-301F-11D3-BF4B-00C04F79EFBC}") = "Tyuiu.PoznyakIA.Sprint3.Task3.V28.Lib", "Tyuiu.PoznyakIA.Sprint3.Task3.V28.Lib\Tyuiu.PoznyakIA.Sprint3.Task3.V28.Lib.csproj", "{331CF63A-8682-447E-B86A-B05A1278BB41}"
EndProject
Project("{FAE04EC0-301F-11D3-BF4B-00C04F79EFBC}") = "Tyuiu.PoznyakIA.Sprint3.Task3.V28.Test", "Tyuiu.PoznyakIA.Sprint3.Task3.V28.Test\Tyuiu.PoznyakIA.Sprint3.Task3.V28.Test.csproj", "{612F6A82-BFE8-4A58-BAB6-C9D33179DEE1}"
EndProject
Project("{2150E333-8FDC-42A3-9474-1A3956D46DE8}") = "Task4", "Task4", "{F5AD01BB-78E6-4302-B23B-0D11AE35BD8F}"
EndProject
Project("{FAE04EC0-301F-11D3-BF4B-00C04F79EFBC}") = "Tyuiu.PoznyakIA.Sprint3.Task4.V4", "Tyuiu.PoznyakIA.Sprint3.Task4.V4\Tyuiu.PoznyakIA.Sprint3.Task4.V4.csproj", "{BDAD8E92-52DA-4783-8D4C-CFF31EE135C0}"
EndProject
Project("{FAE04EC0-301F-11D3-BF4B-00C04F79EFBC}") = "Tyuiu.PoznyakIA.Sprint3.Task4.V4.Lib", "Tyuiu.PoznyakIA.Sprint3.Task4.V4.Lib\Tyuiu.PoznyakIA.Sprint3.Task4.V4.Lib.csproj", "{66724915-44E5-4376-996D-0522889C7907}"
EndProject
Project("{FAE04EC0-301F-11D3-BF4B-00C04F79EFBC}") = "Tyuiu.PoznyakIA.Sprint3.Task4.V4.Test", "Tyuiu.PoznyakIA.Sprint3.Task4.V4.Test\Tyuiu.PoznyakIA.Sprint3.Task4.V4.Test.csproj", "{B621A8A5-A28C-4517-AD85-40EA993FB5E2}"
EndProject
Global
	GlobalSection(SolutionConfigurationPlatforms) = preSolution
		Debug|Any CPU = Debug|Any CPU
		Release|Any CPU = Release|Any CPU
	EndGlobalSection
	GlobalSection(ProjectConfigurationPlatforms) = postSolution
		{1B0F6C58-E280-4A48-AED7-A4B513243267}.Debug|Any CPU.ActiveCfg = Debug|Any CPU
		{1B0F6C58-E280-4A48-AED7-A4B513243267}.Debug|Any CPU.Build.0 = Debug|Any CPU
		{1B0F6C58-E280-4A48-AED7-A4B513243267}.Release|Any CPU.ActiveCfg = Release|Any CPU
		{1B0F6C58-E280-4A48-AED7-A4B513243267}.Release|Any CPU.Build.0 = Release|Any CPU
		{B398CE0A-E664-4C4C-B1D0-7BF38461AEDB}.Debug|Any CPU.ActiveCfg = Debug|Any CPU
		{B398CE0A-E664-4C4C-B1D0-7BF38461AEDB}.Debug|Any CPU.Build.0 = Debug|Any CPU
		{B398CE0A-E664-4C4C-B1D0-7BF38461AEDB}.Release|Any CPU.ActiveCfg = Release|Any CPU
		{B398CE0A-E664-4C4C-B1D0-7BF38461AEDB}.Release|Any CPU.Build.0 = Release|Any CPU
		{8A091555-9807-414B-912B-352EFBE4FD8E}.Debug|Any CPU.ActiveCfg = Debug|Any CPU
		{8A091555-9807-414B-912B-352EFBE4FD8E}.Debug|Any CPU.Build.0 = Debug|Any CPU
		{8A091555-9807-414B-912B-352EFBE4FD8E}.Release|Any CPU.ActiveCfg = Release|Any CPU
		{8A091555-9807-414B-912B-352EFBE4FD8E}.Release|Any CPU.Build.0 = Release|Any CPU
		{B1B63B20-CE26-4A38-9ACD-BD325528962D}.Debug|Any CPU.ActiveCfg = Debug|Any CPU
		{B1B63B20-CE26-4A38-9ACD-BD325528962D}.Debug|Any CPU.Build.0 = Debug|Any CPU
		{B1B63B20-CE26-4A38-9ACD-BD325528962D}.Release|Any CPU.ActiveCfg = Release|Any CPU
		{B1B63B20-CE26-4A38-9ACD-BD325528962D}.Release|Any CPU.Build.0 = Release|Any CPU
		{46D49A32-C622-493E-93C6-141114BC848F}.Debug|Any CPU.ActiveCfg = Debug|Any CPU
		{46D49A32-C622-493E-93C6-141114BC848F}.Debug|Any CPU.Build.0 = Debug|Any CPU
		{46D49A32-C622-493E-93C6-141114BC848F}.Release|Any CPU.ActiveCfg = Release|Any CPU
		{46D49A32-C622-493E-93C6-141114BC848F}.Release|Any CPU.Build.0 = Release|Any CPU
		{A8BBBE33-F082-48C5-8A0F-C96FE3AF229F}.Debug|Any CPU.ActiveCfg = Debug|Any CPU
		{A8BBBE33-F082-48C5-8A0F-C96FE3AF229F}.Debug|Any CPU.Build.0 = Debug|Any CPU
		{A8BBBE33-F082-48C5-8A0F-C96FE3AF229F}.Release|Any CPU.ActiveCfg = Release|Any CPU
		{A8BBBE33-F082-48C5-8A0F-C96FE3AF229F}.Release|Any CPU.Build.0 = Release|Any CPU
		{1BD6E26D-D92E-4BEC-AC40-9ACD28DBDE78}.Debug|Any CPU.ActiveCfg = Debug|Any CPU
		{1BD6E26D-D92E-4BEC-AC40-9ACD28DBDE78}.Debug|Any CPU.Build.0 = Debug|Any CPU
		{1BD6E26D-D92E-4BEC-AC40-9ACD28DBDE78}.Release|Any CPU.ActiveCfg = Release|Any CPU
		{1BD6E26D-D92E-4BEC-AC40-9ACD28DBDE78}.Release|Any CPU.Build.0 = Release|Any CPU
		{E66E4AAC-0EF9-41BE-BEF4-7D8D5922D2F6}.Debug|Any CPU.ActiveCfg = Debug|Any CPU
		{E66E4AAC-0EF9-41BE-BEF4-7D8D5922D2F6}.Debug|Any CPU.Build.0 = Debug|Any CPU
		{E66E4AAC-0EF9-41BE-BEF4-7D8D5922D2F6}.Release|Any CPU.ActiveCfg = Release|Any CPU
		{E66E4AAC-0EF9-41BE-BEF4-7D8D5922D2F6}.Release|Any CPU.Build.0 = Release|Any CPU
		{E3F1293D-F20A-4747-A636-2D4F181BFB8C}.Debug|Any CPU.ActiveCfg = Debug|Any CPU
		{E3F1293D-F20A-4747-A636-2D4F181BFB8C}.Debug|Any CPU.Build.0 = Debug|Any CPU
		{E3F1293D-F20A-4747-A636-2D4F181BFB8C}.Release|Any CPU.ActiveCfg = Release|Any CPU
		{E3F1293D-F20A-4747-A636-2D4F181BFB8C}.Release|Any CPU.Build.0 = Release|Any CPU
		{5878A1E8-7C39-42FC-B7BB-9EA7240E44A9}.Debug|Any CPU.ActiveCfg = Debug|Any CPU
		{5878A1E8-7C39-42FC-B7BB-9EA7240E44A9}.Debug|Any CPU.Build.0 = Debug|Any CPU
		{5878A1E8-7C39-42FC-B7BB-9EA7240E44A9}.Release|Any CPU.ActiveCfg = Release|Any CPU
		{5878A1E8-7C39-42FC-B7BB-9EA7240E44A9}.Release|Any CPU.Build.0 = Release|Any CPU
		{331CF63A-8682-447E-B86A-B05A1278BB41}.Debug|Any CPU.ActiveCfg = Debug|Any CPU
		{331CF63A-8682-447E-B86A-B05A1278BB41}.Debug|Any CPU.Build.0 = Debug|Any CPU
		{331CF63A-8682-447E-B86A-B05A1278BB41}.Release|Any CPU.ActiveCfg = Release|Any CPU
		{331CF63A-8682-447E-B86A-B05A1278BB41}.Release|Any CPU.Build.0 = Release|Any CPU
		{612F6A82-BFE8-4A58-BAB6-C9D33179DEE1}.Debug|Any CPU.ActiveCfg = Debug|Any CPU
		{612F6A82-BFE8-4A58-BAB6-C9D33179DEE1}.Debug|Any CPU.Build.0 = Debug|Any CPU
		{612F6A82-BFE8-4A58-BAB6-C9D33179DEE1}.Release|Any CPU.ActiveCfg = Release|Any CPU
		{612F6A82-BFE8-4A58-BAB6-C9D33179DEE1}.Release|Any CPU.Build.0 = Release|Any CPU
		{BDAD8E92-52DA-4783-8D4C-CFF31EE135C0}.Debug|Any CPU.ActiveCfg = Debug|Any CPU
		{BDAD8E92-52DA-4783-8D4C-CFF31EE135C0}.Debug|Any CPU.Build.0 = Debug|Any CPU
		{BDAD8E92-52DA-4783-8D4C-CFF31EE135C0}.Release|Any CPU.ActiveCfg = Release|Any CPU
		{BDAD8E92-52DA-4783-8D4C-CFF31EE135C0}.Release|Any CPU.Build.0 = Release|Any CPU
		{66724915-44E5-4376-996D-0522889C7907}.Debug|Any CPU.ActiveCfg = Debug|Any CPU
		{66724915-44E5-4376-996D-0522889C7907}.Debug|Any CPU.Build.0 = Debug|Any CPU
		{66724915-44E5-4376-996D-0522889C7907}.Release|Any CPU.ActiveCfg = Release|Any CPU
		{66724915-44E5-4376-996D-0522889C7907}.Release|Any CPU.Build.0 = Release|Any CPU
		{B621A8A5-A28C-4517-AD85-40EA993FB5E2}.Debug|Any CPU.ActiveCfg = Debug|Any CPU
		{B621A8A5-A28C-4517-AD85-40EA993FB5E2}.Debug|Any CPU.Build.0 = Debug|Any CPU
		{B621A8A5-A28C-4517-AD85-40EA993FB5E2}.Release|Any CPU.ActiveCfg = Release|Any CPU
		{B621A8A5-A28C-4517-AD85-40EA993FB5E2}.Release|Any CPU.Build.0 = Release|Any CPU
	EndGlobalSection
	GlobalSection(SolutionProperties) = preSolution
		HideSolutionNode = FALSE
	EndGlobalSection
	GlobalSection(NestedProjects) = preSolution
		{1B0F6C58-E280-4A48-AED7-A4B513243267} = {FCA9B0D5-2BFE-48B5-A94D-1FA3057BD545}
		{B398CE0A-E664-4C4C-B1D0-7BF38461AEDB} = {FCA9B0D5-2BFE-48B5-A94D-1FA3057BD545}
		{8A091555-9807-414B-912B-352EFBE4FD8E} = {FCA9B0D5-2BFE-48B5-A94D-1FA3057BD545}
		{B1B63B20-CE26-4A38-9ACD-BD325528962D} = {9C32A25F-4D0E-4C55-90FC-91B1AFF8803A}
		{46D49A32-C622-493E-93C6-141114BC848F} = {9C32A25F-4D0E-4C55-90FC-91B1AFF8803A}
		{A8BBBE33-F082-48C5-8A0F-C96FE3AF229F} = {9C32A25F-4D0E-4C55-90FC-91B1AFF8803A}
		{1BD6E26D-D92E-4BEC-AC40-9ACD28DBDE78} = {4669F245-4749-44F9-9070-8CB38551CAAB}
		{E66E4AAC-0EF9-41BE-BEF4-7D8D5922D2F6} = {4669F245-4749-44F9-9070-8CB38551CAAB}
		{E3F1293D-F20A-4747-A636-2D4F181BFB8C} = {4669F245-4749-44F9-9070-8CB38551CAAB}
		{5878A1E8-7C39-42FC-B7BB-9EA7240E44A9} = {1D10FB39-0CFB-4CD4-94BB-BA544A157580}
		{331CF63A-8682-447E-B86A-B05A1278BB41} = {1D10FB39-0CFB-4CD4-94BB-BA544A157580}
		{612F6A82-BFE8-4A58-BAB6-C9D33179DEE1} = {1D10FB39-0CFB-4CD4-94BB-BA544A157580}
		{BDAD8E92-52DA-4783-8D4C-CFF31EE135C0} = {F5AD01BB-78E6-4302-B23B-0D11AE35BD8F}
		{66724915-44E5-4376-996D-0522889C7907} = {F5AD01BB-78E6-4302-B23B-0D11AE35BD8F}
		{B621A8A5-A28C-4517-AD85-40EA993FB5E2} = {F5AD01BB-78E6-4302-B23B-0D11AE35BD8F}
	EndGlobalSection
	GlobalSection(ExtensibilityGlobals) = postSolution
		SolutionGuid = {600AEB5F-701D-4701-A108-340EB5CD0B19}
	EndGlobalSection
EndGlobal
